
Microsoft Visual Studio Solution File, Format Version 12.00
# Visual Studio Version 16
VisualStudioVersion = 16.0.29905.134
MinimumVisualStudioVersion = 10.0.40219.1
Project("{FAE04EC0-301F-11D3-BF4B-00C04F79EFBC}") = "YouZack.ErrorMail", "YouZack.ErrorMail\YouZack.ErrorMail.csproj", "{894EC967-C8A2-4DAA-8C12-73FE2204239F}"
EndProject
Global
	GlobalSection(SolutionConfigurationPlatforms) = preSolution
		Debug|Any CPU = Debug|Any CPU
		Release|Any CPU = Release|Any CPU
	EndGlobalSection
	GlobalSection(ProjectConfigurationPlatforms) = postSolution
		{894EC967-C8A2-4DAA-8C12-73FE2204239F}.Debug|Any CPU.ActiveCfg = Debug|Any CPU
		{894EC967-C8A2-4DAA-8C12-73FE2204239F}.Debug|Any CPU.Build.0 = Debug|Any CPU
		{894EC967-C8A2-4DAA-8C12-73FE2204239F}.Release|Any CPU.ActiveCfg = Release|Any CPU
		{894EC967-C8A2-4DAA-8C12-73FE2204239F}.Release|Any CPU.Build.0 = Release|Any CPU
	EndGlobalSection
	GlobalSection(SolutionProperties) = preSolution
		HideSolutionNode = FALSE
	EndGlobalSection
	GlobalSection(ExtensibilityGlobals) = postSolution
		SolutionGuid = {ABF3E1D2-9658-4CC8-B3AD-C60216AE3FB9}
	EndGlobalSection
EndGlobal
